
Microsoft Visual Studio Solution File, Format Version 12.00
# Visual Studio Version 17
VisualStudioVersion = 17.3.32922.545
MinimumVisualStudioVersion = 10.0.40219.1
Project("{FAE04EC0-301F-11D3-BF4B-00C04F79EFBC}") = "FirstMVCApp", "FirstMVCApp\FirstMVCApp.csproj", "{54F4BBA2-304C-45BE-9D68-926A74467432}"
EndProject
Global
	GlobalSection(SolutionConfigurationPlatforms) = preSolution
		Debug|Any CPU = Debug|Any CPU
		Release|Any CPU = Release|Any CPU
	EndGlobalSection
	GlobalSection(ProjectConfigurationPlatforms) = postSolution
		{54F4BBA2-304C-45BE-9D68-926A74467432}.Debug|Any CPU.ActiveCfg = Debug|Any CPU
		{54F4BBA2-304C-45BE-9D68-926A74467432}.Debug|Any CPU.Build.0 = Debug|Any CPU
		{54F4BBA2-304C-45BE-9D68-926A74467432}.Release|Any CPU.ActiveCfg = Release|Any CPU
		{54F4BBA2-304C-45BE-9D68-926A74467432}.Release|Any CPU.Build.0 = Release|Any CPU
	EndGlobalSection
	GlobalSection(SolutionProperties) = preSolution
		HideSolutionNode = FALSE
	EndGlobalSection
	GlobalSection(ExtensibilityGlobals) = postSolution
		SolutionGuid = {CA82C308-3392-4C27-9290-B78D809101D3}
	EndGlobalSection
EndGlobal
